// !$*UTF8*$!
{ "archiveVersion" = 1; "classes" = { }; "objectVersion" = 56; "objects" = { DCBCA66CD1D8CC88835CC812 = { "isa" = "PBXFileReference"; "lastKnownFileType" = "sourcecode.c.c"; "path" = "DSP/DNAKernel.c"; "sourceTree" = "<group>"; }; 88590EE9006F65BBBEF849AE = { "isa" = "PBXFileReference"; "lastKnownFileType" = "sourcecode.c.h"; "path" = "DSP/DNAKernel.h"; "sourceTree" = "<group>"; }; 5E1228F4A018A6F72DAE3DF7 = { "isa" = "PBXFileReference"; "lastKnownFileType" = "sourcecode.c.h"; "path" = "Shared/BridgingHeader.h"; "sourceTree" = "<group>"; }; F5F3A5BD2A66E39CA26F6484 = { "isa" = "PBXFileReference"; "lastKnownFileType" = "sourcecode.c.h"; "path" = "Shared/DNAMIDIInput.h"; "sourceTree" = "<group>"; }; CEF57FEE0D91E702E60C7748 = { "isa" = "PBXFileReference"; "lastKnownFileType" = "sourcecode.c.objc"; "path" = "Shared/DNAMIDIInput.m"; "sourceTree" = "<group>"; }; A79772E298906FAE8FDCBBCE = { "isa" = "PBXFileReference"; "lastKnownFileType" = "sourcecode.c.h"; "path" = "Shared/DNAudioUnit.h"; "sourceTree" = "<group>"; }; ACEEC4842295253D03AD9B3F = { "isa" = "PBXFileReference"; "lastKnownFileType" = "sourcecode.cpp.objcpp"; "path" = "Shared/DNAudioUnit.mm"; "sourceTree" = "<group>"; }; 783BE930C3D55F67EC4BACB8 = { "isa" = "PBXFileReference"; "lastKnownFileType" = "sourcecode.swift"; "path" = "Shared/InstrumentModel.swift"; "sourceTree" = "<group>"; }; C2942CEF467EFCB52D3A2542 = { "isa" = "PBXFileReference"; "lastKnownFileType" = "sourcecode.swift"; "path" = "Shared/InstrumentView.swift"; "sourceTree" = "<group>"; }; 20B60CF804DA349AF1DA30EE = { "isa" = "PBXFileReference"; "lastKnownFileType" = "sourcecode.swift"; "path" = "Shared/NativeAnalyzer.swift"; "sourceTree" = "<group>"; }; 7C528F56397653B98361E481 = { "isa" = "PBXFileReference"; "lastKnownFileType" = "sourcecode.swift"; "path" = "Shared/NoteMap.swift"; "sourceTree" = "<group>"; }; E6597671C9D531AC0C6774EA = { "isa" = "PBXFileReference"; "lastKnownFileType" = "sourcecode.swift"; "path" = "Shared/TouchSurface.swift"; "sourceTree" = "<group>"; }; 2A3CFD2E44335EB1BC775981 = { "isa" = "PBXFileReference"; "lastKnownFileType" = "sourcecode.swift"; "path" = "App/InstrumentDNAApp.swift"; "sourceTree" = "<group>"; }; FB13AB16E56CDD4724D3F29C = { "isa" = "PBXFileReference"; "lastKnownFileType" = "sourcecode.swift"; "path" = "Extension/InstrumentViewController.swift"; "sourceTree" = "<group>"; }; 624A8F936E0903B5DF7F6FC4 = { "isa" = "PBXFileReference"; "lastKnownFileType" = "text.plist.xml"; "path" = "App/Info.plist"; "sourceTree" = "<group>"; }; 582C82EA4DF2535663AA777C = { "isa" = "PBXFileReference"; "lastKnownFileType" = "text.plist.xml"; "path" = "Extension/Info.plist"; "sourceTree" = "<group>"; }; EDEF6E74797027D2A92ADE24 = { "isa" = "PBXFileReference"; "lastKnownFileType" = "wrapper.framework"; "name" = "AVFoundation.framework"; "path" = "System/Library/Frameworks/AVFoundation.framework"; "sourceTree" = "SDKROOT"; }; 2EE4D479CE80D8D5624CC344 = { "isa" = "PBXFileReference"; "lastKnownFileType" = "wrapper.framework"; "name" = "AudioToolbox.framework"; "path" = "System/Library/Frameworks/AudioToolbox.framework"; "sourceTree" = "SDKROOT"; }; FFF795E438FE1F17F08A2D3F = { "isa" = "PBXFileReference"; "lastKnownFileType" = "wrapper.framework"; "name" = "CoreAudioKit.framework"; "path" = "System/Library/Frameworks/CoreAudioKit.framework"; "sourceTree" = "SDKROOT"; }; 824E7C105453D9BB00ECA75B = { "isa" = "PBXFileReference"; "lastKnownFileType" = "wrapper.framework"; "name" = "CoreMIDI.framework"; "path" = "System/Library/Frameworks/CoreMIDI.framework"; "sourceTree" = "SDKROOT"; }; 4679B1B8479DBB4E59EA933C = { "isa" = "PBXFileReference"; "lastKnownFileType" = "wrapper.framework"; "name" = "UIKit.framework"; "path" = "System/Library/Frameworks/UIKit.framework"; "sourceTree" = "SDKROOT"; }; 12A4B3D6AC4FAB9D19A11202 = { "isa" = "PBXFileReference"; "lastKnownFileType" = "wrapper.framework"; "name" = "SwiftUI.framework"; "path" = "System/Library/Frameworks/SwiftUI.framework"; "sourceTree" = "SDKROOT"; }; D1A7E90B01748CD1F00559D9 = { "isa" = "PBXFileReference"; "lastKnownFileType" = "wrapper.framework"; "name" = "UniformTypeIdentifiers.framework"; "path" = "System/Library/Frameworks/UniformTypeIdentifiers.framework"; "sourceTree" = "SDKROOT"; }; 4E783A9E10D2A8ABA38CD11C = { "isa" = "PBXFileReference"; "explicitFileType" = "wrapper.application"; "path" = "InstrumentDNA.app"; "sourceTree" = "BUILT_PRODUCTS_DIR"; }; E91B3C7AD6AE83FEA82087EF = { "isa" = "PBXFileReference"; "explicitFileType" = "wrapper.app-extension"; "path" = "InstrumentDNAInstrument.appex"; "sourceTree" = "BUILT_PRODUCTS_DIR"; }; FBDC4F23F93125BBEEAE800C = { "isa" = "PBXGroup"; "children" = ( 4E783A9E10D2A8ABA38CD11C, E91B3C7AD6AE83FEA82087EF ); "name" = "Products"; "sourceTree" = "<group>"; }; 870B3294C0CBD48AF6BBCC1B = { "isa" = "PBXGroup"; "children" = ( DCBCA66CD1D8CC88835CC812, 88590EE9006F65BBBEF849AE, 5E1228F4A018A6F72DAE3DF7, F5F3A5BD2A66E39CA26F6484, CEF57FEE0D91E702E60C7748, A79772E298906FAE8FDCBBCE, ACEEC4842295253D03AD9B3F, 783BE930C3D55F67EC4BACB8, C2942CEF467EFCB52D3A2542, 20B60CF804DA349AF1DA30EE, 7C528F56397653B98361E481, E6597671C9D531AC0C6774EA, 2A3CFD2E44335EB1BC775981, FB13AB16E56CDD4724D3F29C, 624A8F936E0903B5DF7F6FC4, 582C82EA4DF2535663AA777C, EDEF6E74797027D2A92ADE24, 2EE4D479CE80D8D5624CC344, FFF795E438FE1F17F08A2D3F, 824E7C105453D9BB00ECA75B, 4679B1B8479DBB4E59EA933C, 12A4B3D6AC4FAB9D19A11202, D1A7E90B01748CD1F00559D9, FBDC4F23F93125BBEEAE800C ); "sourceTree" = "<group>"; }; AB52CB08E0FDF02BF6C67C33 = { "isa" = "XCBuildConfiguration"; "buildSettings" = { "IPHONEOS_DEPLOYMENT_TARGET" = "15.4"; "SWIFT_VERSION" = "5.0"; "CLANG_CXX_LANGUAGE_STANDARD" = "c++17"; "GCC_C_LANGUAGE_STANDARD" = "c11"; "CLANG_ENABLE_MODULES" = "YES"; "CLANG_ENABLE_OBJC_ARC" = "YES"; "SDKROOT" = "iphoneos"; "SUPPORTED_PLATFORMS" = "iphoneos iphonesimulator"; "TARGETED_DEVICE_FAMILY" = "1,2"; "ENABLE_BITCODE" = "NO"; "CODE_SIGN_STYLE" = "Automatic"; "DEVELOPMENT_TEAM" = ""; "SWIFT_OBJC_BRIDGING_HEADER" = "$(SRCROOT)/Shared/BridgingHeader.h"; "HEADER_SEARCH_PATHS" = ( "$(inherited)", "$(SRCROOT)/DSP", "$(SRCROOT)/Shared" ); "CURRENT_PROJECT_VERSION" = "1"; "MARKETING_VERSION" = "0.1.0"; "SUPPORTS_MACCATALYST" = "NO"; "SWIFT_OPTIMIZATION_LEVEL" = "-Onone"; "GCC_OPTIMIZATION_LEVEL" = "0"; "ONLY_ACTIVE_ARCH" = "YES"; }; "name" = "Debug"; }; 5283471FF90C511CFE244FFF = { "isa" = "XCBuildConfiguration"; "buildSettings" = { "IPHONEOS_DEPLOYMENT_TARGET" = "15.4"; "SWIFT_VERSION" = "5.0"; "CLANG_CXX_LANGUAGE_STANDARD" = "c++17"; "GCC_C_LANGUAGE_STANDARD" = "c11"; "CLANG_ENABLE_MODULES" = "YES"; "CLANG_ENABLE_OBJC_ARC" = "YES"; "SDKROOT" = "iphoneos"; "SUPPORTED_PLATFORMS" = "iphoneos iphonesimulator"; "TARGETED_DEVICE_FAMILY" = "1,2"; "ENABLE_BITCODE" = "NO"; "CODE_SIGN_STYLE" = "Automatic"; "DEVELOPMENT_TEAM" = ""; "SWIFT_OBJC_BRIDGING_HEADER" = "$(SRCROOT)/Shared/BridgingHeader.h"; "HEADER_SEARCH_PATHS" = ( "$(inherited)", "$(SRCROOT)/DSP", "$(SRCROOT)/Shared" ); "CURRENT_PROJECT_VERSION" = "1"; "MARKETING_VERSION" = "0.1.0"; "SUPPORTS_MACCATALYST" = "NO"; "SWIFT_OPTIMIZATION_LEVEL" = "-O"; "GCC_OPTIMIZATION_LEVEL" = "s"; "ONLY_ACTIVE_ARCH" = "NO"; }; "name" = "Release"; }; 4BA304E783CFBB9FA6E56552 = { "isa" = "XCConfigurationList"; "buildConfigurations" = ( AB52CB08E0FDF02BF6C67C33, 5283471FF90C511CFE244FFF ); "defaultConfigurationIsVisible" = 0; "defaultConfigurationName" = "Release"; }; F5A429194A00232ACC3298B6 = { "isa" = "PBXContainerItemProxy"; "containerPortal" = 98F54143AB4E86B28C3AFEE0; "proxyType" = 1; "remoteGlobalIDString" = AE9F87E68F16211809669C65; "remoteInfo" = "InstrumentDNAInstrument"; }; DE58E2B17C19600779694943 = { "isa" = "PBXTargetDependency"; "target" = AE9F87E68F16211809669C65; "targetProxy" = F5A429194A00232ACC3298B6; }; 6B8DF457004DDCB5B616420C = { "isa" = "PBXBuildFile"; "fileRef" = E91B3C7AD6AE83FEA82087EF; "settings" = { "ATTRIBUTES" = ( "CodeSignOnCopy", "RemoveHeadersOnCopy" ); }; }; 59F0EF556AF35CA7586D8A1E = { "isa" = "PBXCopyFilesBuildPhase"; "buildActionMask" = 2147483647; "dstPath" = ""; "dstSubfolderSpec" = 13; "files" = ( 6B8DF457004DDCB5B616420C ); "name" = "Embed App Extensions"; "runOnlyForDeploymentPostprocessing" = 0; }; 29A9341D27E2EA993A199D4C = { "isa" = "PBXBuildFile"; "fileRef" = DCBCA66CD1D8CC88835CC812; }; 8CE8047776B272A678ACD1FB = { "isa" = "PBXBuildFile"; "fileRef" = CEF57FEE0D91E702E60C7748; }; B50B570028A3C96343EE88EE = { "isa" = "PBXBuildFile"; "fileRef" = ACEEC4842295253D03AD9B3F; }; 69A620BE112ECB7E95178A93 = { "isa" = "PBXBuildFile"; "fileRef" = 783BE930C3D55F67EC4BACB8; }; E89EB01F39892E37E5CA0BF0 = { "isa" = "PBXBuildFile"; "fileRef" = C2942CEF467EFCB52D3A2542; }; 88B34B8FB1581100DC6CDB83 = { "isa" = "PBXBuildFile"; "fileRef" = 20B60CF804DA349AF1DA30EE; }; 7B71A2A176D031A8B7C558F0 = { "isa" = "PBXBuildFile"; "fileRef" = 7C528F56397653B98361E481; }; 57039D02DB09B1CA9EAF1141 = { "isa" = "PBXBuildFile"; "fileRef" = E6597671C9D531AC0C6774EA; }; 7BA3DC8282E7D1DFEDFB2F28 = { "isa" = "PBXBuildFile"; "fileRef" = 2A3CFD2E44335EB1BC775981; }; FDBEB636160CC4A63F780304 = { "isa" = "PBXSourcesBuildPhase"; "buildActionMask" = 2147483647; "files" = ( 29A9341D27E2EA993A199D4C, 8CE8047776B272A678ACD1FB, B50B570028A3C96343EE88EE, 69A620BE112ECB7E95178A93, E89EB01F39892E37E5CA0BF0, 88B34B8FB1581100DC6CDB83, 7B71A2A176D031A8B7C558F0, 57039D02DB09B1CA9EAF1141, 7BA3DC8282E7D1DFEDFB2F28 ); "runOnlyForDeploymentPostprocessing" = 0; }; B45F816836B811439FD65FD4 = { "isa" = "PBXBuildFile"; "fileRef" = EDEF6E74797027D2A92ADE24; }; 72336145B6EF1A28DDF58608 = { "isa" = "PBXBuildFile"; "fileRef" = 2EE4D479CE80D8D5624CC344; }; B393592B80615548A32FB6E3 = { "isa" = "PBXBuildFile"; "fileRef" = FFF795E438FE1F17F08A2D3F; }; 1768B503A91DF74ADD21A5C1 = { "isa" = "PBXBuildFile"; "fileRef" = 824E7C105453D9BB00ECA75B; }; 825ECE217ABBCEA09847B244 = { "isa" = "PBXBuildFile"; "fileRef" = 4679B1B8479DBB4E59EA933C; }; FFC9E4BFB9ACED07D770A074 = { "isa" = "PBXBuildFile"; "fileRef" = 12A4B3D6AC4FAB9D19A11202; }; E01476C665E3A93690371ADA = { "isa" = "PBXBuildFile"; "fileRef" = D1A7E90B01748CD1F00559D9; }; FA3C5073B463D1BB4154A72F = { "isa" = "PBXFrameworksBuildPhase"; "buildActionMask" = 2147483647; "files" = ( B45F816836B811439FD65FD4, 72336145B6EF1A28DDF58608, B393592B80615548A32FB6E3, 1768B503A91DF74ADD21A5C1, 825ECE217ABBCEA09847B244, FFC9E4BFB9ACED07D770A074, E01476C665E3A93690371ADA ); "runOnlyForDeploymentPostprocessing" = 0; }; 2BF5DE592226D457D3BCDAC0 = { "isa" = "PBXResourcesBuildPhase"; "buildActionMask" = 2147483647; "files" = (  ); "runOnlyForDeploymentPostprocessing" = 0; }; EF00B4C26D3BA245CBAB3F00 = { "isa" = "XCBuildConfiguration"; "buildSettings" = { "PRODUCT_NAME" = "$(TARGET_NAME)"; "PRODUCT_BUNDLE_IDENTIFIER" = "org.diallobeats.instrumentdna"; "INFOPLIST_FILE" = "App/Info.plist"; "GENERATE_INFOPLIST_FILE" = "NO"; "LD_RUNPATH_SEARCH_PATHS" = ( "$(inherited)", "@executable_path/Frameworks", "@executable_path/../../Frameworks" ); "SWIFT_OPTIMIZATION_LEVEL" = "-Onone"; "GCC_OPTIMIZATION_LEVEL" = "0"; "ONLY_ACTIVE_ARCH" = "YES"; }; "name" = "Debug"; }; 49B4940C5F901788C278DD41 = { "isa" = "XCBuildConfiguration"; "buildSettings" = { "PRODUCT_NAME" = "$(TARGET_NAME)"; "PRODUCT_BUNDLE_IDENTIFIER" = "org.diallobeats.instrumentdna"; "INFOPLIST_FILE" = "App/Info.plist"; "GENERATE_INFOPLIST_FILE" = "NO"; "LD_RUNPATH_SEARCH_PATHS" = ( "$(inherited)", "@executable_path/Frameworks", "@executable_path/../../Frameworks" ); "SWIFT_OPTIMIZATION_LEVEL" = "-O"; "GCC_OPTIMIZATION_LEVEL" = "s"; "ONLY_ACTIVE_ARCH" = "NO"; }; "name" = "Release"; }; BF6B243F84FA915024E66DCC = { "isa" = "XCConfigurationList"; "buildConfigurations" = ( EF00B4C26D3BA245CBAB3F00, 49B4940C5F901788C278DD41 ); "defaultConfigurationIsVisible" = 0; "defaultConfigurationName" = "Release"; }; F75109BEB4DD8800DA6B45F8 = { "isa" = "PBXNativeTarget"; "buildConfigurationList" = BF6B243F84FA915024E66DCC; "buildPhases" = ( FDBEB636160CC4A63F780304, FA3C5073B463D1BB4154A72F, 2BF5DE592226D457D3BCDAC0, 59F0EF556AF35CA7586D8A1E ); "buildRules" = (  ); "dependencies" = ( DE58E2B17C19600779694943 ); "name" = "InstrumentDNA"; "productName" = "InstrumentDNA"; "productReference" = 4E783A9E10D2A8ABA38CD11C; "productType" = "com.apple.product-type.application"; }; 9BFC03E27FA2E353260C1AB1 = { "isa" = "PBXBuildFile"; "fileRef" = DCBCA66CD1D8CC88835CC812; }; 24843EC5E316DCF35F1F0DBB = { "isa" = "PBXBuildFile"; "fileRef" = CEF57FEE0D91E702E60C7748; }; C033044EC24279679058308F = { "isa" = "PBXBuildFile"; "fileRef" = ACEEC4842295253D03AD9B3F; }; 6DA1FCA8C8082EC105C8D83B = { "isa" = "PBXBuildFile"; "fileRef" = 783BE930C3D55F67EC4BACB8; }; E8667FDE1E618EAFE7DA33F3 = { "isa" = "PBXBuildFile"; "fileRef" = C2942CEF467EFCB52D3A2542; }; EE57E160EA3DB63125DCF029 = { "isa" = "PBXBuildFile"; "fileRef" = 20B60CF804DA349AF1DA30EE; }; C2B16BEC0530DA5CEBEB0D79 = { "isa" = "PBXBuildFile"; "fileRef" = 7C528F56397653B98361E481; }; 533595213790605343659A1A = { "isa" = "PBXBuildFile"; "fileRef" = E6597671C9D531AC0C6774EA; }; 93975BFC9BDA8898391D4B01 = { "isa" = "PBXBuildFile"; "fileRef" = FB13AB16E56CDD4724D3F29C; }; FD275882DA202E1BAB6BCDA5 = { "isa" = "PBXSourcesBuildPhase"; "buildActionMask" = 2147483647; "files" = ( 9BFC03E27FA2E353260C1AB1, 24843EC5E316DCF35F1F0DBB, C033044EC24279679058308F, 6DA1FCA8C8082EC105C8D83B, E8667FDE1E618EAFE7DA33F3, EE57E160EA3DB63125DCF029, C2B16BEC0530DA5CEBEB0D79, 533595213790605343659A1A, 93975BFC9BDA8898391D4B01 ); "runOnlyForDeploymentPostprocessing" = 0; }; 410594E49CD0A4000B21F3D0 = { "isa" = "PBXBuildFile"; "fileRef" = EDEF6E74797027D2A92ADE24; }; FD21977BE42F799BDD4A7953 = { "isa" = "PBXBuildFile"; "fileRef" = 2EE4D479CE80D8D5624CC344; }; DF4941AA392EBC64DBECD102 = { "isa" = "PBXBuildFile"; "fileRef" = FFF795E438FE1F17F08A2D3F; }; CAEEE7893485D8D96750B34F = { "isa" = "PBXBuildFile"; "fileRef" = 824E7C105453D9BB00ECA75B; }; 4539C996955C59226D4E43A9 = { "isa" = "PBXBuildFile"; "fileRef" = 4679B1B8479DBB4E59EA933C; }; ED8E767CF12CBEA7B0A569F2 = { "isa" = "PBXBuildFile"; "fileRef" = 12A4B3D6AC4FAB9D19A11202; }; 87E7AC7F35DD08C7AEC41240 = { "isa" = "PBXBuildFile"; "fileRef" = D1A7E90B01748CD1F00559D9; }; FA0B38C1233F89ADD2E85180 = { "isa" = "PBXFrameworksBuildPhase"; "buildActionMask" = 2147483647; "files" = ( 410594E49CD0A4000B21F3D0, FD21977BE42F799BDD4A7953, DF4941AA392EBC64DBECD102, CAEEE7893485D8D96750B34F, 4539C996955C59226D4E43A9, ED8E767CF12CBEA7B0A569F2, 87E7AC7F35DD08C7AEC41240 ); "runOnlyForDeploymentPostprocessing" = 0; }; 56915F685A07D8783D47C627 = { "isa" = "PBXResourcesBuildPhase"; "buildActionMask" = 2147483647; "files" = (  ); "runOnlyForDeploymentPostprocessing" = 0; }; 06AB57F50694145375834AB2 = { "isa" = "XCBuildConfiguration"; "buildSettings" = { "PRODUCT_NAME" = "$(TARGET_NAME)"; "PRODUCT_BUNDLE_IDENTIFIER" = "org.diallobeats.instrumentdna.Instrument"; "INFOPLIST_FILE" = "Extension/Info.plist"; "GENERATE_INFOPLIST_FILE" = "NO"; "LD_RUNPATH_SEARCH_PATHS" = ( "$(inherited)", "@executable_path/Frameworks", "@executable_path/../../Frameworks" ); "APPLICATION_EXTENSION_API_ONLY" = "YES"; "SKIP_INSTALL" = "YES"; "SWIFT_OPTIMIZATION_LEVEL" = "-Onone"; "GCC_OPTIMIZATION_LEVEL" = "0"; "ONLY_ACTIVE_ARCH" = "YES"; }; "name" = "Debug"; }; 28D83BCB7F38AA0298964BD0 = { "isa" = "XCBuildConfiguration"; "buildSettings" = { "PRODUCT_NAME" = "$(TARGET_NAME)"; "PRODUCT_BUNDLE_IDENTIFIER" = "org.diallobeats.instrumentdna.Instrument"; "INFOPLIST_FILE" = "Extension/Info.plist"; "GENERATE_INFOPLIST_FILE" = "NO"; "LD_RUNPATH_SEARCH_PATHS" = ( "$(inherited)", "@executable_path/Frameworks", "@executable_path/../../Frameworks" ); "APPLICATION_EXTENSION_API_ONLY" = "YES"; "SKIP_INSTALL" = "YES"; "SWIFT_OPTIMIZATION_LEVEL" = "-O"; "GCC_OPTIMIZATION_LEVEL" = "s"; "ONLY_ACTIVE_ARCH" = "NO"; }; "name" = "Release"; }; 2ACEFD7CB7D4E651C4D20A20 = { "isa" = "XCConfigurationList"; "buildConfigurations" = ( 06AB57F50694145375834AB2, 28D83BCB7F38AA0298964BD0 ); "defaultConfigurationIsVisible" = 0; "defaultConfigurationName" = "Release"; }; AE9F87E68F16211809669C65 = { "isa" = "PBXNativeTarget"; "buildConfigurationList" = 2ACEFD7CB7D4E651C4D20A20; "buildPhases" = ( FD275882DA202E1BAB6BCDA5, FA0B38C1233F89ADD2E85180, 56915F685A07D8783D47C627 ); "buildRules" = (  ); "dependencies" = (  ); "name" = "InstrumentDNAInstrument"; "productName" = "InstrumentDNAInstrument"; "productReference" = E91B3C7AD6AE83FEA82087EF; "productType" = "com.apple.product-type.app-extension"; }; 98F54143AB4E86B28C3AFEE0 = { "isa" = "PBXProject"; "attributes" = { "LastUpgradeCheck" = "1600"; "TargetAttributes" = { "F75109BEB4DD8800DA6B45F8" = { "CreatedOnToolsVersion" = "16.0"; }; "AE9F87E68F16211809669C65" = { "CreatedOnToolsVersion" = "16.0"; }; }; }; "buildConfigurationList" = 4BA304E783CFBB9FA6E56552; "compatibilityVersion" = "Xcode 14.0"; "developmentRegion" = "en"; "hasScannedForEncodings" = 0; "knownRegions" = ( "en", "Base" ); "mainGroup" = 870B3294C0CBD48AF6BBCC1B; "productRefGroup" = FBDC4F23F93125BBEEAE800C; "projectDirPath" = ""; "projectRoot" = ""; "targets" = ( F75109BEB4DD8800DA6B45F8, AE9F87E68F16211809669C65 ); }; }; "rootObject" = 98F54143AB4E86B28C3AFEE0; }
